
Microsoft Visual Studio Solution File, Format Version 12.00
# Visual Studio Version 17
VisualStudioVersion = 17.6.33723.286
MinimumVisualStudioVersion = 10.0.40219.1
Project("{FAE04EC0-301F-11D3-BF4B-00C04F79EFBC}") = "bojer_mur_tabla", "bojer_mur_tabla.csproj", "{B6F8B6F3-1344-47C0-955C-B17E965882FC}"
EndProject
Global
	GlobalSection(SolutionConfigurationPlatforms) = preSolution
		Debug|Any CPU = Debug|Any CPU
		Release|Any CPU = Release|Any CPU
	EndGlobalSection
	GlobalSection(ProjectConfigurationPlatforms) = postSolution
		{B6F8B6F3-1344-47C0-955C-B17E965882FC}.Debug|Any CPU.ActiveCfg = Debug|Any CPU
		{B6F8B6F3-1344-47C0-955C-B17E965882FC}.Debug|Any CPU.Build.0 = Debug|Any CPU
		{B6F8B6F3-1344-47C0-955C-B17E965882FC}.Release|Any CPU.ActiveCfg = Release|Any CPU
		{B6F8B6F3-1344-47C0-955C-B17E965882FC}.Release|Any CPU.Build.0 = Release|Any CPU
	EndGlobalSection
	GlobalSection(SolutionProperties) = preSolution
		HideSolutionNode = FALSE
	EndGlobalSection
	GlobalSection(ExtensibilityGlobals) = postSolution
		SolutionGuid = {FE687EA3-943A-420D-BB1A-9FD71EB6B34D}
	EndGlobalSection
EndGlobal
